// !$*UTF8*$!
{
	archiveVersion = 1;
	classes = {
	};
	objectVersion = 55;
	objects = {

/* Begin PBXBuildFile section */
		6E337A9B2863B68600D623EB /* AppDelegate.swift in Sources */ = {isa = PBXBuildFile; fileRef = 6E337A9A2863B68600D623EB /* AppDelegate.swift */; };
		6E337A9D2863B68600D623EB /* SceneDelegate.swift in Sources */ = {isa = PBXBuildFile; fileRef = 6E337A9C2863B68600D623EB /* SceneDelegate.swift */; };
		6E337AA42863B68900D623EB /* Assets.xcassets in Resources */ = {isa = PBXBuildFile; fileRef = 6E337AA32863B68900D623EB /* Assets.xcassets */; };
		6E337AA72863B68900D623EB /* LaunchScreen.storyboard in Resources */ = {isa = PBXBuildFile; fileRef = 6E337AA52863B68900D623EB /* LaunchScreen.storyboard */; };
		6E337AAF2863BFCD00D623EB /* SearchVC.swift in Sources */ = {isa = PBXBuildFile; fileRef = 6E337AAE2863BFCD00D623EB /* SearchVC.swift */; };
		6E337AB12863BFFB00D623EB /* FavoritesListVC.swift in Sources */ = {isa = PBXBuildFile; fileRef = 6E337AB02863BFFB00D623EB /* FavoritesListVC.swift */; };
		6E337AB32863C59E00D623EB /* GFButton.swift in Sources */ = {isa = PBXBuildFile; fileRef = 6E337AB22863C59E00D623EB /* GFButton.swift */; };
		6E337AB52863C8BA00D623EB /* GFTextField.swift in Sources */ = {isa = PBXBuildFile; fileRef = 6E337AB42863C8BA00D623EB /* GFTextField.swift */; };
		6E337AB7286496E300D623EB /* FollowersListVC.swift in Sources */ = {isa = PBXBuildFile; fileRef = 6E337AB6286496E300D623EB /* FollowersListVC.swift */; };
		6E337AB928649CB600D623EB /* String+Ext.swift in Sources */ = {isa = PBXBuildFile; fileRef = 6E337AB828649CB600D623EB /* String+Ext.swift */; };
		6E337ABB28649F2200D623EB /* GFTitleLabel.swift in Sources */ = {isa = PBXBuildFile; fileRef = 6E337ABA28649F2200D623EB /* GFTitleLabel.swift */; };
		6E337ABD2864AFD400D623EB /* GFBodyLabel.swift in Sources */ = {isa = PBXBuildFile; fileRef = 6E337ABC2864AFD400D623EB /* GFBodyLabel.swift */; };
		6E337ABF2864B23C00D623EB /* GFAlertVC.swift in Sources */ = {isa = PBXBuildFile; fileRef = 6E337ABE2864B23C00D623EB /* GFAlertVC.swift */; };
		6E58C00A286501EA00DDBE70 /* UIViewController+ext.swift in Sources */ = {isa = PBXBuildFile; fileRef = 6E58C009286501EA00DDBE70 /* UIViewController+ext.swift */; };
/* End PBXBuildFile section */

/* Begin PBXFileReference section */
		6E337A972863B68600D623EB /* GitHubFollowers.app */ = {isa = PBXFileReference; explicitFileType = wrapper.application; includeInIndex = 0; path = GitHubFollowers.app; sourceTree = BUILT_PRODUCTS_DIR; };
		6E337A9A2863B68600D623EB /* AppDelegate.swift */ = {isa = PBXFileReference; lastKnownFileType = sourcecode.swift; path = AppDelegate.swift; sourceTree = "<group>"; };
		6E337A9C2863B68600D623EB /* SceneDelegate.swift */ = {isa = PBXFileReference; lastKnownFileType = sourcecode.swift; path = SceneDelegate.swift; sourceTree = "<group>"; };
		6E337AA32863B68900D623EB /* Assets.xcassets */ = {isa = PBXFileReference; lastKnownFileType = folder.assetcatalog; path = Assets.xcassets; sourceTree = "<group>"; };
		6E337AA62863B68900D623EB /* Base */ = {isa = PBXFileReference; lastKnownFileType = file.storyboard; name = Base; path = Base.lproj/LaunchScreen.storyboard; sourceTree = "<group>"; };
		6E337AA82863B68900D623EB /* Info.plist */ = {isa = PBXFileReference; lastKnownFileType = text.plist.xml; path = Info.plist; sourceTree = "<group>"; };
		6E337AAE2863BFCD00D623EB /* SearchVC.swift */ = {isa = PBXFileReference; lastKnownFileType = sourcecode.swift; path = SearchVC.swift; sourceTree = "<group>"; };
		6E337AB02863BFFB00D623EB /* FavoritesListVC.swift */ = {isa = PBXFileReference; lastKnownFileType = sourcecode.swift; path = FavoritesListVC.swift; sourceTree = "<group>"; };
		6E337AB22863C59E00D623EB /* GFButton.swift */ = {isa = PBXFileReference; lastKnownFileType = sourcecode.swift; path = GFButton.swift; sourceTree = "<group>"; };
		6E337AB42863C8BA00D623EB /* GFTextField.swift */ = {isa = PBXFileReference; lastKnownFileType = sourcecode.swift; path = GFTextField.swift; sourceTree = "<group>"; };
		6E337AB6286496E300D623EB /* FollowersListVC.swift */ = {isa = PBXFileReference; lastKnownFileType = sourcecode.swift; path = FollowersListVC.swift; sourceTree = "<group>"; };
		6E337AB828649CB600D623EB /* String+Ext.swift */ = {isa = PBXFileReference; lastKnownFileType = sourcecode.swift; path = "String+Ext.swift"; sourceTree = "<group>"; };
		6E337ABA28649F2200D623EB /* GFTitleLabel.swift */ = {isa = PBXFileReference; lastKnownFileType = sourcecode.swift; path = GFTitleLabel.swift; sourceTree = "<group>"; };
		6E337ABC2864AFD400D623EB /* GFBodyLabel.swift */ = {isa = PBXFileReference; lastKnownFileType = sourcecode.swift; path = GFBodyLabel.swift; sourceTree = "<group>"; };
		6E337ABE2864B23C00D623EB /* GFAlertVC.swift */ = {isa = PBXFileReference; lastKnownFileType = sourcecode.swift; path = GFAlertVC.swift; sourceTree = "<group>"; };
		6E58C009286501EA00DDBE70 /* UIViewController+ext.swift */ = {isa = PBXFileReference; lastKnownFileType = sourcecode.swift; path = "UIViewController+ext.swift"; sourceTree = "<group>"; };
/* End PBXFileReference section */

/* Begin PBXFrameworksBuildPhase section */
		6E337A942863B68600D623EB /* Frameworks */ = {
			isa = PBXFrameworksBuildPhase;
			buildActionMask = 2147483647;
			files = (
			);
			runOnlyForDeploymentPostprocessing = 0;
		};
/* End PBXFrameworksBuildPhase section */

/* Begin PBXGroup section */
		6E337A8E2863B68600D623EB = {
			isa = PBXGroup;
			children = (
				6E337A992863B68600D623EB /* GitHubFollowers */,
				6E337A982863B68600D623EB /* Products */,
			);
			sourceTree = "<group>";
		};
		6E337A982863B68600D623EB /* Products */ = {
			isa = PBXGroup;
			children = (
				6E337A972863B68600D623EB /* GitHubFollowers.app */,
			);
			name = Products;
			sourceTree = "<group>";
		};
		6E337A992863B68600D623EB /* GitHubFollowers */ = {
			isa = PBXGroup;
			children = (
				6E58C00E2865089200DDBE70 /* Support */,
				6E58C00D2865083A00DDBE70 /* Extensions */,
				6E58C00C2865080600DDBE70 /* Custom Views */,
				6E58C00B286507E200DDBE70 /* Screens */,
			);
			path = GitHubFollowers;
			sourceTree = "<group>";
		};
		6E58C00B286507E200DDBE70 /* Screens */ = {
			isa = PBXGroup;
			children = (
				6E337AAE2863BFCD00D623EB /* SearchVC.swift */,
				6E337AB02863BFFB00D623EB /* FavoritesListVC.swift */,
				6E337AB6286496E300D623EB /* FollowersListVC.swift */,
			);
			path = Screens;
			sourceTree = "<group>";
		};
		6E58C00C2865080600DDBE70 /* Custom Views */ = {
			isa = PBXGroup;
			children = (
				6E337ABE2864B23C00D623EB /* GFAlertVC.swift */,
				6E337AB22863C59E00D623EB /* GFButton.swift */,
				6E337AB42863C8BA00D623EB /* GFTextField.swift */,
				6E337ABA28649F2200D623EB /* GFTitleLabel.swift */,
				6E337ABC2864AFD400D623EB /* GFBodyLabel.swift */,
			);
			path = "Custom Views";
			sourceTree = "<group>";
		};
		6E58C00D2865083A00DDBE70 /* Extensions */ = {
			isa = PBXGroup;
			children = (
				6E337AB828649CB600D623EB /* String+Ext.swift */,
				6E58C009286501EA00DDBE70 /* UIViewController+ext.swift */,
			);
			path = Extensions;
			sourceTree = "<group>";
		};
		6E58C00E2865089200DDBE70 /* Support */ = {
			isa = PBXGroup;
			children = (
				6E337AA32863B68900D623EB /* Assets.xcassets */,
				6E337AA52863B68900D623EB /* LaunchScreen.storyboard */,
				6E337AA82863B68900D623EB /* Info.plist */,
				6E337A9A2863B68600D623EB /* AppDelegate.swift */,
				6E337A9C2863B68600D623EB /* SceneDelegate.swift */,
			);
			path = Support;
			sourceTree = "<group>";
		};
/* End PBXGroup section */

/* Begin PBXNativeTarget section */
		6E337A962863B68600D623EB /* GitHubFollowers */ = {
			isa = PBXNativeTarget;
			buildConfigurationList = 6E337AAB2863B68900D623EB /* Build configuration list for PBXNativeTarget "GitHubFollowers" */;
			buildPhases = (
				6E337A932863B68600D623EB /* Sources */,
				6E337A942863B68600D623EB /* Frameworks */,
				6E337A952863B68600D623EB /* Resources */,
			);
			buildRules = (
			);
			dependencies = (
			);
			name = GitHubFollowers;
			productName = GitHubFollowers;
			productReference = 6E337A972863B68600D623EB /* GitHubFollowers.app */;
			productType = "com.apple.product-type.application";
		};
/* End PBXNativeTarget section */

/* Begin PBXProject section */
		6E337A8F2863B68600D623EB /* Project object */ = {
			isa = PBXProject;
			attributes = {
				BuildIndependentTargetsInParallel = 1;
				LastSwiftUpdateCheck = 1340;
				LastUpgradeCheck = 1340;
				TargetAttributes = {
					6E337A962863B68600D623EB = {
						CreatedOnToolsVersion = 13.4.1;
					};
				};
			};
			buildConfigurationList = 6E337A922863B68600D623EB /* Build configuration list for PBXProject "GitHubFollowers" */;
			compatibilityVersion = "Xcode 13.0";
			developmentRegion = en;
			hasScannedForEncodings = 0;
			knownRegions = (
				en,
				Base,
			);
			mainGroup = 6E337A8E2863B68600D623EB;
			productRefGroup = 6E337A982863B68600D623EB /* Products */;
			projectDirPath = "";
			projectRoot = "";
			targets = (
				6E337A962863B68600D623EB /* GitHubFollowers */,
			);
		};
/* End PBXProject section */

/* Begin PBXResourcesBuildPhase section */
		6E337A952863B68600D623EB /* Resources */ = {
			isa = PBXResourcesBuildPhase;
			buildActionMask = 2147483647;
			files = (
				6E337AA72863B68900D623EB /* LaunchScreen.storyboard in Resources */,
				6E337AA42863B68900D623EB /* Assets.xcassets in Resources */,
			);
			runOnlyForDeploymentPostprocessing = 0;
		};
/* End PBXResourcesBuildPhase section */

/* Begin PBXSourcesBuildPhase section */
		6E337A932863B68600D623EB /* Sources */ = {
			isa = PBXSourcesBuildPhase;
			buildActionMask = 2147483647;
			files = (
				6E337AB52863C8BA00D623EB /* GFTextField.swift in Sources */,
				6E337AB7286496E300D623EB /* FollowersListVC.swift in Sources */,
				6E337AB12863BFFB00D623EB /* FavoritesListVC.swift in Sources */,
				6E337AB32863C59E00D623EB /* GFButton.swift in Sources */,
				6E337AAF2863BFCD00D623EB /* SearchVC.swift in Sources */,
				6E337ABF2864B23C00D623EB /* GFAlertVC.swift in Sources */,
				6E58C00A286501EA00DDBE70 /* UIViewController+ext.swift in Sources */,
				6E337A9B2863B68600D623EB /* AppDelegate.swift in Sources */,
				6E337ABB28649F2200D623EB /* GFTitleLabel.swift in Sources */,
				6E337AB928649CB600D623EB /* String+Ext.swift in Sources */,
				6E337A9D2863B68600D623EB /* SceneDelegate.swift in Sources */,
				6E337ABD2864AFD400D623EB /* GFBodyLabel.swift in Sources */,
			);
			runOnlyForDeploymentPostprocessing = 0;
		};
/* End PBXSourcesBuildPhase section */

/* Begin PBXVariantGroup section */
		6E337AA52863B68900D623EB /* LaunchScreen.storyboard */ = {
			isa = PBXVariantGroup;
			children = (
				6E337AA62863B68900D623EB /* Base */,
			);
			name = LaunchScreen.storyboard;
			sourceTree = "<group>";
		};
/* End PBXVariantGroup section */

/* Begin XCBuildConfiguration section */
		6E337AA92863B68900D623EB /* Debug */ = {
			isa = XCBuildConfiguration;
			buildSettings = {
				ALWAYS_SEARCH_USER_PATHS = NO;
				CLANG_ANALYZER_NONNULL = YES;
				CLANG_ANALYZER_NUMBER_OBJECT_CONVERSION = YES_AGGRESSIVE;
				CLANG_CXX_LANGUAGE_STANDARD = "gnu++17";
				CLANG_ENABLE_MODULES = YES;
				CLANG_ENABLE_OBJC_ARC = YES;
				CLANG_ENABLE_OBJC_WEAK = YES;
				CLANG_WARN_BLOCK_CAPTURE_AUTORELEASING = YES;
				CLANG_WARN_BOOL_CONVERSION = YES;
				CLANG_WARN_COMMA = YES;
				CLANG_WARN_CONSTANT_CONVERSION = YES;
				CLANG_WARN_DEPRECATED_OBJC_IMPLEMENTATIONS = YES;
				CLANG_WARN_DIRECT_OBJC_ISA_USAGE = YES_ERROR;
				CLANG_WARN_DOCUMENTATION_COMMENTS = YES;
				CLANG_WARN_EMPTY_BODY = YES;
				CLANG_WARN_ENUM_CONVERSION = YES;
				CLANG_WARN_INFINITE_RECURSION = YES;
				CLANG_WARN_INT_CONVERSION = YES;
				CLANG_WARN_NON_LITERAL_NULL_CONVERSION = YES;
				CLANG_WARN_OBJC_IMPLICIT_RETAIN_SELF = YES;
				CLANG_WARN_OBJC_LITERAL_CONVERSION = YES;
				CLANG_WARN_OBJC_ROOT_CLASS = YES_ERROR;
				CLANG_WARN_QUOTED_INCLUDE_IN_FRAMEWORK_HEADER = YES;
				CLANG_WARN_RANGE_LOOP_ANALYSIS = YES;
				CLANG_WARN_STRICT_PROTOTYPES = YES;
				CLANG_WARN_SUSPICIOUS_MOVE = YES;
				CLANG_WARN_UNGUARDED_AVAILABILITY = YES_AGGRESSIVE;
				CLANG_WARN_UNREACHABLE_CODE = YES;
				CLANG_WARN__DUPLICATE_METHOD_MATCH = YES;
				COPY_PHASE_STRIP = NO;
				DEBUG_INFORMATION_FORMAT = dwarf;
				ENABLE_STRICT_OBJC_MSGSEND = YES;
				ENABLE_TESTABILITY = YES;
				GCC_C_LANGUAGE_STANDARD = gnu11;
				GCC_DYNAMIC_NO_PIC = NO;
				GCC_NO_COMMON_BLOCKS = YES;
				GCC_OPTIMIZATION_LEVEL = 0;
				GCC_PREPROCESSOR_DEFINITIONS = (
					"DEBUG=1",
					"$(inherited)",
				);
				GCC_WARN_64_TO_32_BIT_CONVERSION = YES;
				GCC_WARN_ABOUT_RETURN_TYPE = YES_ERROR;
				GCC_WARN_UNDECLARED_SELECTOR = YES;
				GCC_WARN_UNINITIALIZED_AUTOS = YES_AGGRESSIVE;
				GCC_WARN_UNUSED_FUNCTION = YES;
				GCC_WARN_UNUSED_VARIABLE = YES;
				IPHONEOS_DEPLOYMENT_TARGET = 15.5;
				MTL_ENABLE_DEBUG_INFO = INCLUDE_SOURCE;
				MTL_FAST_MATH = YES;
				ONLY_ACTIVE_ARCH = YES;
				SDKROOT = iphoneos;
				SWIFT_ACTIVE_COMPILATION_CONDITIONS = DEBUG;
				SWIFT_OPTIMIZATION_LEVEL = "-Onone";
			};
			name = Debug;
		};
		6E337AAA2863B68900D623EB /* Release */ = {
			isa = XCBuildConfiguration;
			buildSettings = {
				ALWAYS_SEARCH_USER_PATHS = NO;
				CLANG_ANALYZER_NONNULL = YES;
				CLANG_ANALYZER_NUMBER_OBJECT_CONVERSION = YES_AGGRESSIVE;
				CLANG_CXX_LANGUAGE_STANDARD = "gnu++17";
				CLANG_ENABLE_MODULES = YES;
				CLANG_ENABLE_OBJC_ARC = YES;
				CLANG_ENABLE_OBJC_WEAK = YES;
				CLANG_WARN_BLOCK_CAPTURE_AUTORELEASING = YES;
				CLANG_WARN_BOOL_CONVERSION = YES;
				CLANG_WARN_COMMA = YES;
				CLANG_WARN_CONSTANT_CONVERSION = YES;
				CLANG_WARN_DEPRECATED_OBJC_IMPLEMENTATIONS = YES;
				CLANG_WARN_DIRECT_OBJC_ISA_USAGE = YES_ERROR;
				CLANG_WARN_DOCUMENTATION_COMMENTS = YES;
				CLANG_WARN_EMPTY_BODY = YES;
				CLANG_WARN_ENUM_CONVERSION = YES;
				CLANG_WARN_INFINITE_RECURSION = YES;
				CLANG_WARN_INT_CONVERSION = YES;
				CLANG_WARN_NON_LITERAL_NULL_CONVERSION = YES;
				CLANG_WARN_OBJC_IMPLICIT_RETAIN_SELF = YES;
				CLANG_WARN_OBJC_LITERAL_CONVERSION = YES;
				CLANG_WARN_OBJC_ROOT_CLASS = YES_ERROR;
				CLANG_WARN_QUOTED_INCLUDE_IN_FRAMEWORK_HEADER = YES;
				CLANG_WARN_RANGE_LOOP_ANALYSIS = YES;
				CLANG_WARN_STRICT_PROTOTYPES = YES;
				CLANG_WARN_SUSPICIOUS_MOVE = YES;
				CLANG_WARN_UNGUARDED_AVAILABILITY = YES_AGGRESSIVE;
				CLANG_WARN_UNREACHABLE_CODE = YES;
				CLANG_WARN__DUPLICATE_METHOD_MATCH = YES;
				COPY_PHASE_STRIP = NO;
				DEBUG_INFORMATION_FORMAT = "dwarf-with-dsym";
				ENABLE_NS_ASSERTIONS = NO;
				ENABLE_STRICT_OBJC_MSGSEND = YES;
				GCC_C_LANGUAGE_STANDARD = gnu11;
				GCC_NO_COMMON_BLOCKS = YES;
				GCC_WARN_64_TO_32_BIT_CONVERSION = YES;
				GCC_WARN_ABOUT_RETURN_TYPE = YES_ERROR;
				GCC_WARN_UNDECLARED_SELECTOR = YES;
				GCC_WARN_UNINITIALIZED_AUTOS = YES_AGGRESSIVE;
				GCC_WARN_UNUSED_FUNCTION = YES;
				GCC_WARN_UNUSED_VARIABLE = YES;
				IPHONEOS_DEPLOYMENT_TARGET = 15.5;
				MTL_ENABLE_DEBUG_INFO = NO;
				MTL_FAST_MATH = YES;
				SDKROOT = iphoneos;
				SWIFT_COMPILATION_MODE = wholemodule;
				SWIFT_OPTIMIZATION_LEVEL = "-O";
				VALIDATE_PRODUCT = YES;
			};
			name = Release;
		};
		6E337AAC2863B68900D623EB /* Debug */ = {
			isa = XCBuildConfiguration;
			buildSettings = {
				ASSETCATALOG_COMPILER_APPICON_NAME = AppIcon;
				ASSETCATALOG_COMPILER_GLOBAL_ACCENT_COLOR_NAME = AccentColor;
				CODE_SIGN_STYLE = Automatic;
				CURRENT_PROJECT_VERSION = 1;
				DEVELOPMENT_TEAM = "";
				GENERATE_INFOPLIST_FILE = YES;
				INFOPLIST_FILE = GitHubFollowers/Info.plist;
				INFOPLIST_KEY_UIApplicationSupportsIndirectInputEvents = YES;
				INFOPLIST_KEY_UILaunchStoryboardName = LaunchScreen;
				INFOPLIST_KEY_UISupportedInterfaceOrientations = UIInterfaceOrientationPortrait;
				INFOPLIST_KEY_UISupportedInterfaceOrientations_iPad = "UIInterfaceOrientationPortrait UIInterfaceOrientationPortraitUpsideDown UIInterfaceOrientationLandscapeLeft UIInterfaceOrientationLandscapeRight";
				INFOPLIST_KEY_UISupportedInterfaceOrientations_iPhone = "UIInterfaceOrientationPortrait UIInterfaceOrientationLandscapeLeft UIInterfaceOrientationLandscapeRight";
				LD_RUNPATH_SEARCH_PATHS = (
					"$(inherited)",
					"@executable_path/Frameworks",
				);
				MARKETING_VERSION = 1.0;
				PRODUCT_BUNDLE_IDENTIFIER = com.rammelbalagtas.GitHubFollowers;
				PRODUCT_NAME = "$(TARGET_NAME)";
				SWIFT_EMIT_LOC_STRINGS = YES;
				SWIFT_VERSION = 5.0;
				TARGETED_DEVICE_FAMILY = "1,2";
			};
			name = Debug;
		};
		6E337AAD2863B68900D623EB /* Release */ = {
			isa = XCBuildConfiguration;
			buildSettings = {
				ASSETCATALOG_COMPILER_APPICON_NAME = AppIcon;
				ASSETCATALOG_COMPILER_GLOBAL_ACCENT_COLOR_NAME = AccentColor;
				CODE_SIGN_STYLE = Automatic;
				CURRENT_PROJECT_VERSION = 1;
				DEVELOPMENT_TEAM = HP9UU5C72W;
				GENERATE_INFOPLIST_FILE = YES;
				INFOPLIST_FILE = GitHubFollowers/Info.plist;
				INFOPLIST_KEY_UIApplicationSupportsIndirectInputEvents = YES;
				INFOPLIST_KEY_UILaunchStoryboardName = LaunchScreen;
				INFOPLIST_KEY_UISupportedInterfaceOrientations = UIInterfaceOrientationPortrait;
				INFOPLIST_KEY_UISupportedInterfaceOrientations_iPad = "UIInterfaceOrientationPortrait UIInterfaceOrientationPortraitUpsideDown UIInterfaceOrientationLandscapeLeft UIInterfaceOrientationLandscapeRight";
				INFOPLIST_KEY_UISupportedInterfaceOrientations_iPhone = "UIInterfaceOrientationPortrait UIInterfaceOrientationLandscapeLeft UIInterfaceOrientationLandscapeRight";
				LD_RUNPATH_SEARCH_PATHS = (
					"$(inherited)",
					"@executable_path/Frameworks",
				);
				MARKETING_VERSION = 1.0;
				PRODUCT_BUNDLE_IDENTIFIER = com.rammelbalagtas.GitHubFollowers;
				PRODUCT_NAME = "$(TARGET_NAME)";
				SWIFT_EMIT_LOC_STRINGS = YES;
				SWIFT_VERSION = 5.0;
				TARGETED_DEVICE_FAMILY = "1,2";
			};
			name = Release;
		};
/* End XCBuildConfiguration section */

/* Begin XCConfigurationList section */
		6E337A922863B68600D623EB /* Build configuration list for PBXProject "GitHubFollowers" */ = {
			isa = XCConfigurationList;
			buildConfigurations = (
				6E337AA92863B68900D623EB /* Debug */,
				6E337AAA2863B68900D623EB /* Release */,
			);
			defaultConfigurationIsVisible = 0;
			defaultConfigurationName = Release;
		};
		6E337AAB2863B68900D623EB /* Build configuration list for PBXNativeTarget "GitHubFollowers" */ = {
			isa = XCConfigurationList;
			buildConfigurations = (
				6E337AAC2863B68900D623EB /* Debug */,
				6E337AAD2863B68900D623EB /* Release */,
			);
			defaultConfigurationIsVisible = 0;
			defaultConfigurationName = Release;
		};
/* End XCConfigurationList section */
	};
	rootObject = 6E337A8F2863B68600D623EB /* Project object */;
}
